lockfileVersion: '9.0'

settings:
  autoInstallPeers: true
  excludeLinksFromLockfile: false

importers:

  .:
    devDependencies:
      '@tauri-apps/cli':
        specifier: 2.11.2
        version: 2.11.2

packages:

  '@tauri-apps/cli-darwin-arm64@2.11.2':
    resolution: {integrity: sha512-+4UZzLt+eOAEQCwgd+TqKgyUJMrvx+BgdXLLaqJYmPqzP+nE6YZr/hY6CWLYGQb8jFn99jEkmC6uA3tNvamA1w==}
    engines: {node: '>= 10'}
    cpu: [arm64]
    os: [darwin]

  '@tauri-apps/cli-darwin-x64@2.11.2':
    resolution: {integrity: sha512-VjYYtZUPqDMLutSfJEyxFE3Bz+DPi7c8wC3imckgvciLDZLq4qwKJxBicg0BXGhXjJsl8vKWgWRFNMPELQ+Xyg==}
    engines: {node: '>= 10'}
    cpu: [x64]
    os: [darwin]

  '@tauri-apps/cli-linux-arm-gnueabihf@2.11.2':
    resolution: {integrity: sha512-yMemD6f4i95AQriS8EazyOFzbE34yjnP16i3IOzpHGQvBoy2DjypFMFBq0NtPuITURv/cOGguRtHR5d79/9CSA==}
    engines: {node: '>= 10'}
    cpu: [arm]
    os: [linux]

  '@tauri-apps/cli-linux-arm64-gnu@2.11.2':
    resolution: {integrity: sha512-cgI91D2wL8GSgoWwZXDqt+DwnuZCP2/bz03QAE4TrhgAKIsrB4hX26W/H1EONPUUNkqrsgeCD0wU6pcNjV/5kw==}
    engines: {node: '>= 10'}
    cpu: [arm64]
    os: [linux]
    libc: [glibc]

  '@tauri-apps/cli-linux-arm64-musl@2.11.2':
    resolution: {integrity: sha512-X1rm0BERqAAggtYTESSgXrS3sz4Sb/OiPiz54UqISlXW+GkR3vNIGnsy/lejNmoXGVqri3Q53BCfQiclOIyRPw==}
    engines: {node: '>= 10'}
    cpu: [arm64]
    os: [linux]
    libc: [musl]

  '@tauri-apps/cli-linux-riscv64-gnu@2.11.2':
    resolution: {integrity: sha512-usbMLJbT3KtkOrBMDVeGYNM35aTHXx38SJSzTMSqqjeUIOQ+iVPjb2yAGNAE+KqmBbAx4FOFIyMeKXx2M/JKGQ==}
    engines: {node: '>= 10'}
    cpu: [riscv64]
    os: [linux]
    libc: [glibc]

  '@tauri-apps/cli-linux-x64-gnu@2.11.2':
    resolution: {integrity: sha512-Ru4gwJKPG0ctVGchRGpRup4Y4lW2SSfFnrbQcyHhCliKy4g8Qz97TrUgCur4CbWyAgKxvGh3SjrkA0LDYzDGiw==}
    engines: {node: '>= 10'}
    cpu: [x64]
    os: [linux]
    libc: [glibc]

  '@tauri-apps/cli-linux-x64-musl@2.11.2':
    resolution: {integrity: sha512-eUm7T6clN1MMmNSRQ9gaWsQdyehQx2Gmn5hht/QUlqZQI/qcP2OJK5dnaxqwFzCr2HdsEo9ydxaqcS1oJzMvUw==}
    engines: {node: '>= 10'}
    cpu: [x64]
    os: [linux]
    libc: [musl]

  '@tauri-apps/cli-win32-arm64-msvc@2.11.2':
    resolution: {integrity: sha512-HeeZW80jU+gVTOEX4X/hC6NVSAdDVXajwP5fxIZ/3z9WvUC7qrudX2GMTilYq6Dg0e0sk0XgsAJD1hZ5wPBXUA==}
    engines: {node: '>= 10'}
    cpu: [arm64]
    os: [win32]

  '@tauri-apps/cli-win32-ia32-msvc@2.11.2':
    resolution: {integrity: sha512-YhjQNZcXfbkCLyazSv1nPnJ9iRFE1wm6kc51FDbU10/Dk09io+6PAGMLjkxnX2GdM0qMnDmTjstY8mTDVvtKeA==}
    engines: {node: '>= 10'}
    cpu: [ia32]
    os: [win32]

  '@tauri-apps/cli-win32-x64-msvc@2.11.2':
    resolution: {integrity: sha512-d2JchlFIpZevZVReyqhQOekJmb1UH3rhZ5VX6sH3ty9ETE0TKQavpihvoScUXfKKpW6HZC0MrFGRU0ZtD+w3gA==}
    engines: {node: '>= 10'}
    cpu: [x64]
    os: [win32]

  '@tauri-apps/cli@2.11.2':
    resolution: {integrity: sha512-bk3HemqvGRoy+5D/dVMUQHKMYLglD0jVnMm/0iGMH6ufZ+p8r14m6BpIixwij3PBvZdvORUp1YifTD8QxVZ1Nw==}
    engines: {node: '>= 10'}
    hasBin: true

snapshots:

  '@tauri-apps/cli-darwin-arm64@2.11.2':
    optional: true

  '@tauri-apps/cli-darwin-x64@2.11.2':
    optional: true

  '@tauri-apps/cli-linux-arm-gnueabihf@2.11.2':
    optional: true

  '@tauri-apps/cli-linux-arm64-gnu@2.11.2':
    optional: true

  '@tauri-apps/cli-linux-arm64-musl@2.11.2':
    optional: true

  '@tauri-apps/cli-linux-riscv64-gnu@2.11.2':
    optional: true

  '@tauri-apps/cli-linux-x64-gnu@2.11.2':
    optional: true

  '@tauri-apps/cli-linux-x64-musl@2.11.2':
    optional: true

  '@tauri-apps/cli-win32-arm64-msvc@2.11.2':
    optional: true

  '@tauri-apps/cli-win32-ia32-msvc@2.11.2':
    optional: true

  '@tauri-apps/cli-win32-x64-msvc@2.11.2':
    optional: true

  '@tauri-apps/cli@2.11.2':
    optionalDependencies:
      '@tauri-apps/cli-darwin-arm64': 2.11.2
      '@tauri-apps/cli-darwin-x64': 2.11.2
      '@tauri-apps/cli-linux-arm-gnueabihf': 2.11.2
      '@tauri-apps/cli-linux-arm64-gnu': 2.11.2
      '@tauri-apps/cli-linux-arm64-musl': 2.11.2
      '@tauri-apps/cli-linux-riscv64-gnu': 2.11.2
      '@tauri-apps/cli-linux-x64-gnu': 2.11.2
      '@tauri-apps/cli-linux-x64-musl': 2.11.2
      '@tauri-apps/cli-win32-arm64-msvc': 2.11.2
      '@tauri-apps/cli-win32-ia32-msvc': 2.11.2
      '@tauri-apps/cli-win32-x64-msvc': 2.11.2
